
Microsoft Visual Studio Solution File, Format Version 12.00
# Visual Studio Version 16
VisualStudioVersion = 16.0.31829.152
MinimumVisualStudioVersion = 10.0.40219.1
Project("{FAE04EC0-301F-11D3-BF4B-00C04F79EFBC}") = "Project_State_Services", "Project_State_Services.csproj", "{A2AD5F3B-76A6-49DE-9F0B-1B5FC5A109F2}"
EndProject
Global
	GlobalSection(SolutionConfigurationPlatforms) = preSolution
		Debug|Any CPU = Debug|Any CPU
		Release|Any CPU = Release|Any CPU
	EndGlobalSection
	GlobalSection(ProjectConfigurationPlatforms) = postSolution
		{A2AD5F3B-76A6-49DE-9F0B-1B5FC5A109F2}.Debug|Any CPU.ActiveCfg = Debug|Any CPU
		{A2AD5F3B-76A6-49DE-9F0B-1B5FC5A109F2}.Debug|Any CPU.Build.0 = Debug|Any CPU
		{A2AD5F3B-76A6-49DE-9F0B-1B5FC5A109F2}.Release|Any CPU.ActiveCfg = Release|Any CPU
		{A2AD5F3B-76A6-49DE-9F0B-1B5FC5A109F2}.Release|Any CPU.Build.0 = Release|Any CPU
	EndGlobalSection
	GlobalSection(SolutionProperties) = preSolution
		HideSolutionNode = FALSE
	EndGlobalSection
	GlobalSection(ExtensibilityGlobals) = postSolution
		SolutionGuid = {ED8619C9-5E9F-494D-AC41-9E7A8175AB40}
	EndGlobalSection
EndGlobal
